<?xml version="1.0" encoding="UTF-8" standalone="yes" ?>
<CodeBlocks_project_file>
	<FileVersion major="1" minor="6" />
	<Project>
		<Option title="barcode_client" />
		<Option pch_mode="2" />
		<Option compiler="mips4k" />
		<Build>
			<Target title="Release">
				<Option output="bin\Release\barcode_client" prefix_auto="1" extension_auto="1" />
				<Option object_output="obj\Release\" />
				<Option type="1" />
				<Option compiler="mips24k" />
				<Compiler>
					<Add option="-O2 -EL -march=mips32r2 -mxgot -mabi=32 -mlong-calls -mno-abicalls -Wall -Wno-pointer-sign  -g -DARCH=CONCERTO -DASSERT_ON -DPRINT_ON -D_ASSEMBLER_ -DCACHE_INIT -DTLB_INIT -ffunction-sections -D${HW_PLATFORM}" />
					<Add option="-DCONCERTO" />
					<Add directory='&quot;${PROJECT_LOC}\inc&quot;' />
					<Add directory='&quot;${PROJECT_LOC}\inc\kware&quot;' />
					<Add directory='&quot;${PROJECT_LOC}\inc\kware\ts_seq&quot;' />
					<Add directory='&quot;${PROJECT_LOC}\src\kware\ufs&quot;' />
					<Add directory='&quot;${PROJECT_LOC}\src\kware\ufs\fat&quot;' />
					<Add directory='&quot;${PROJECT_LOC}\src\firmware\core\warriors\include&quot;' />
					<Add directory='&quot;${PROJECT_LOC}\inc\os&quot;' />
					<Add directory='&quot;${PROJECT_LOC}\inc\hal&quot;' />
					<Add directory='&quot;${PROJECT_LOC}\inc\drv&quot;' />
					<Add directory='&quot;${PROJECT_LOC}\inc\drv\drvbase&quot;' />
					<Add directory='&quot;${PROJECT_LOC}\src\os\ucos\inc&quot;' />
					<Add directory='&quot;${PROJECT_LOC}\test\drvtest_code\testframework&quot;' />
					<Add directory='&quot;${PROJECT_LOC}\inc\hal\arch&quot;' />
					<Add directory='&quot;${PROJECT_LOC}\inc\util\libc&quot;' />
					<Add directory='&quot;${PROJECT_LOC}\inc\util&quot;' />
					<Add directory='&quot;${PROJECT_LOC}\inc\mdl&quot;' />
					<Add directory='&quot;${PROJECT_LOC}\src\kware\tcpip_pro\lwip\src\include&quot;' />
					<Add directory='&quot;${PROJECT_LOC}\src\drv\ethernet&quot;' />
					<Add directory='&quot;${PROJECT_LOC}\src\kware\tcpip_pro\lwip\arch\include&quot;' />
					<Add directory='&quot;${PROJECT_LOC}\src\kware\tcpip_pro\lwip\arch\include\arch&quot;' />
					<Add directory='&quot;${PROJECT_LOC}\src\kware\tcpip_pro\lwip\src\include\ipv4&quot;' />
					<Add directory='&quot;${PROJECT_LOC}\inc\firmware&quot;' />
					<Add directory='&quot;${PROJECT_LOC}\src\firmware\video\video_dec\warriors\common\inc&quot;' />
					<Add directory='&quot;${PROJECT_LOC}\src\firmware\video\video_dec\warriors\avs&quot;' />
					<Add directory='&quot;${PROJECT_LOC}\test\drvtest_code\modules\drv&quot;' />
					<Add directory='&quot;${PROJECT_LOC}\src\kware\tcpip_pro\networking\inc&quot;' />
					<Add directory='&quot;${PROJECT_LOC}\src\kware\tcpip_pro\lwip\src\include\lwip&quot;' />
					<Add directory='&quot;${PROJECT_LOC}\inc\ap&quot;' />
					<Add directory='&quot;${PROJECT_LOC}\src\os\inc&quot;' />
					<Add directory='&quot;${PROJECT_LOC}\test\drvtest_code\warriors_drvtest_cmd&quot;' />
					<Add directory='&quot;${PROJECT_LOC}\inc\util\log&quot;' />
					<Add directory='&quot;${PROJECT_LOC}\inc\drv\bus&quot;' />
				</Compiler>
				<Linker>
					<Add option="--oformat elf32-tradlittlemips --gc-sections -nostdlib -T${PROJECT_DIR}\link.lds -o barcode_client.elf -Map barcode_client.map" />
					<Add library="core_jasmine_drv" />
					<Add library="eva_drv_concerto" />
					<Add library="c" />
					<Add library="m" />
					<Add library="gcc" />
					<Add library="eva_mdl_concerto" />
					<Add library="core_jasmine_drv_open" />
					<Add library="_usb" />
					<Add directory="${PROJECT_LOC}\lib\lib_concerto" />
					<Add directory='&quot;${PROJECT_LOC}\lib\lib_mips24k&quot;' />
				</Linker>
				<ExtraCommands>
					<Add after="sh ${PROJECT_DIR}/post_build.sh ${ProjName}.elf" />
				</ExtraCommands>
				<Environment>
					<Variable name="PROJECT_LOC" value="${PROJECT_DIR}..\..\..\..\..\.." />
					<Variable name="ProjName" value="barcode_client" />
				</Environment>
			</Target>
		</Build>
		<Unit filename="..\..\..\..\..\..\prj\dvbc\jasmine_demo\tools\client\barcode\ap_init.c">
			<Option compilerVar="CC" />
		</Unit>
		<Unit filename="..\..\..\..\..\..\prj\dvbc\jasmine_demo\tools\client\barcode\main.c">
			<Option compilerVar="CC" />
		</Unit>
		<Unit filename="..\..\..\..\..\..\prj\dvbc\jasmine_demo\tools\client\barcode\spi.c">
			<Option compilerVar="CC" />
		</Unit>
		<Unit filename="..\..\..\..\..\..\prj\dvbc\jasmine_demo\tools\client\barcode\sys_cfg.h" />
		<Extensions>
			<code_completion />
			<envvars />
			<debugger />
			<lib_finder disable_auto="1" />
		</Extensions>
	</Project>
</CodeBlocks_project_file>
