<?xml version="1.0" encoding="UTF-8" standalone="yes" ?>
<CodeBlocks_project_file>
	<FileVersion major="1" minor="6" />
	<Project>
		<Option title="jasmine_demo_hd_ota" />
		<Option pch_mode="2" />
		<Option compiler="mips24k" />
		<Build>
			<Target title="Release">
				<Option output="bin/Release/jasmine_demo_hd_ota" prefix_auto="1" extension_auto="1" />
				<Option object_output="obj/Release/" />
				<Option type="1" />
				<Option compiler="mips24k" />
				<Compiler>
					<Add option="-Os -EL -march=mips32r2 -mxgot -mabi=32 -mlong-calls -mno-abicalls -Wall -Wno-pointer-sign -Werror -g -DARCH=WARRIORS  -DWARRIORS=2 -DASSERT_ON -DPRINT_ON -D_ASSEMBLER_ -DCACHE_INIT -DTLB_INIT -ffunction-sections -D${HW_PLATFORM}" />
					<Add option="-DOTA_SUPPORT" />
					<Add option="-DCONFIG_CUSTOMER" />
					<Add option="-DMEM_128M" />
					<Add option="-DFLASH_8M" />
					<Add option="-DPRINT_ON" />
					<Add option="-DCONCERTO_144_B" />
					<Add directory='&quot;${PROJECT_LOC}/inc&quot;' />
					<Add directory='&quot;${PROJECT_LOC}/inc/ap&quot;' />
					<Add directory='&quot;${PROJECT_LOC}/inc/drv&quot;' />
					<Add directory='&quot;${PROJECT_LOC}/inc/drv/bus&quot;' />
					<Add directory='&quot;${PROJECT_LOC}/inc/drv/drvbase&quot;' />
					<Add directory='&quot;${PROJECT_LOC}/inc/hal&quot;' />
					<Add directory='&quot;${PROJECT_LOC}/inc/hal/arch&quot;' />
					<Add directory='&quot;${PROJECT_LOC}/inc/hal/arch/mips&quot;' />
					<Add directory='&quot;${PROJECT_LOC}/inc/mdl&quot;' />
					<Add directory='&quot;${PROJECT_LOC}/inc/mdl/eva&quot;' />
					<Add directory='&quot;${PROJECT_LOC}/inc/mdl/filters&quot;' />
					<Add directory='&quot;${PROJECT_LOC}/inc/mdl/mmi&quot;' />
					<Add directory='&quot;${PROJECT_LOC}/inc/mboot&quot;' />
					<Add directory='&quot;${PROJECT_LOC}/inc/os&quot;' />
					<Add directory='&quot;${PROJECT_LOC}/inc/util&quot;' />
					<Add directory='&quot;${PROJECT_LOC}/src/os/ucos/inc&quot;' />
					<Add directory='&quot;${PROJECT_LOC}/prj/dvbc/jasmine_demo/ota&quot;' />
					<Add directory='&quot;${PROJECT_LOC}/prj/dvbc/jasmine_demo/ota/ui&quot;' />
					<Add directory='&quot;${PROJECT_LOC}/prj/dvbc/jasmine_demo/ota/memcfg&quot;' />
					<Add directory='&quot;${PROJECT_LOC}/prj/dvbc/jasmine_demo/ota/database&quot;' />
					<Add directory='&quot;${PROJECT_LOC}/prj/dvbc/jasmine_demo/ota/sysstatus&quot;' />
					<Add directory='&quot;${PROJECT_LOC}/prj/dvbc/jasmine_demo/ap&quot;' />
					<Add directory='&quot;${PROJECT_LOC}/prj/dvbc/jasmine_demo/systatus&quot;' />
					<Add directory='&quot;${PROJECT_LOC}/prj/dvbc/jasmine_demo/ota/customer&quot;' />
					<Add directory='&quot;${PROJECT_LOC}/inc/api&quot;' />
					<Add directory='&quot;${PROJECT_LOC}/src/mdl/mmi/gui/resource/vf&quot;' />
					<Add directory='&quot;${PROJECT_LOC}/src/mdl/mmi/gui/resource/af&quot;' />
					<Add directory='&quot;${PROJECT_LOC}/src/drv/drvbase&quot;' />
				</Compiler>
				<Linker>
					<Add option="--oformat elf32-tradlittlemips --gc-sections -nostdlib -T${PROJECT_DIR}\link.lds -o jasmine_demo_hd_ota.elf -Map jasmine_demo_hd_ota.map" />
					<Add library="m" />
					<Add library="gcc" />
					<Add library="ft_24k" />
					<Add library="eva_drv_concerto" />
					<Add library="eva_mdl_concerto" />
					<Add library="log_dummy" />
					<Add library="_usb" />
					<Add library="core_jasmine_drv" />
					<Add library="core_jasmine_drv_open" />
					<Add library="core_ap_mdl_mt" />
					<Add library="core_ap_mdl" />
					<Add library="c" />
					<Add directory='&quot;${PROJECT_LOC}/lib/lib_concerto&quot;' />
					<Add directory='&quot;${PROJECT_LOC}/lib/lib_mips24k&quot;' />
					<Add directory='&quot;${PROJECT_LOC}/lib/lib_kware/mips24k&quot;' />
				</Linker>
				<ExtraCommands>
					<Add after="sh ${PROJECT_DIR}/post_build.sh ${ProjName}.elf" />
					<Mode after="always" />
				</ExtraCommands>
				<Environment>
					<Variable name="HW_PLATFORM" value="CHIP" />
					<Variable name="PROJECT_LOC" value="${PROJECT_DIR}..\..\..\..\..\..\.." />
					<Variable name="ProjName" value="jasmine_demo_hd_ota" />
				</Environment>
			</Target>
		</Build>
		<Unit filename="../../../../../../../prj/dvbc/jasmine_demo/ota/ap/ap_framework_impl.c">
			<Option compilerVar="CC" />
		</Unit>
		<Unit filename="../../../../../../../prj/dvbc/jasmine_demo/ota/ap/ap_uio_impl.c">
			<Option compilerVar="CC" />
		</Unit>
		<Unit filename="../../../../../../../prj/dvbc/jasmine_demo/ota/ap_init.c">
			<Option compilerVar="CC" />
		</Unit>
		<Unit filename="../../../../../../../prj/dvbc/jasmine_demo/ota/customer/customer_config.c">
			<Option compilerVar="CC" />
		</Unit>
		<Unit filename="../../../../../../../prj/dvbc/jasmine_demo/ota/customer/customer_config.h" />
		<Unit filename="../../../../../../../prj/dvbc/jasmine_demo/ota/database/db_dvbc.h" />
		<Unit filename="../../../../../../../prj/dvbc/jasmine_demo/ota/database/db_preset.h" />
		<Unit filename="../../../../../../../prj/dvbc/jasmine_demo/ota/main.c">
			<Option compilerVar="CC" />
		</Unit>
		<Unit filename="../../../../../../../prj/dvbc/jasmine_demo/ota/memcfg/mem_cfg.c">
			<Option compilerVar="CC" />
		</Unit>
		<Unit filename="../../../../../../../prj/dvbc/jasmine_demo/ota/memcfg/mem_cfg.h" />
		<Unit filename="../../../../../../../prj/dvbc/jasmine_demo/ota/sys_cfg.h" />
		<Unit filename="../../../../../../../prj/dvbc/jasmine_demo/ota/sys_devs.h" />
		<Unit filename="../../../../../../../prj/dvbc/jasmine_demo/ota/sysstatus/sys_status.h" />
		<Unit filename="../../../../../../../prj/dvbc/jasmine_demo/ota/ui/font_id.h" />
		<Unit filename="../../../../../../../prj/dvbc/jasmine_demo/ota/ui/language_id.h" />
		<Unit filename="../../../../../../../prj/dvbc/jasmine_demo/ota/ui/palette_id.h" />
		<Unit filename="../../../../../../../prj/dvbc/jasmine_demo/ota/ui/rsc.h" />
		<Unit filename="../../../../../../../prj/dvbc/jasmine_demo/ota/ui/str_id.h" />
		<Unit filename="../../../../../../../prj/dvbc/jasmine_demo/ota/ui/ui_comm_dlg.c">
			<Option compilerVar="CC" />
		</Unit>
		<Unit filename="../../../../../../../prj/dvbc/jasmine_demo/ota/ui/ui_comm_dlg.h" />
		<Unit filename="../../../../../../../prj/dvbc/jasmine_demo/ota/ui/ui_common.h" />
		<Unit filename="../../../../../../../prj/dvbc/jasmine_demo/ota/ui/ui_config.h" />
		<Unit filename="../../../../../../../prj/dvbc/jasmine_demo/ota/ui/ui_desktop.c">
			<Option compilerVar="CC" />
		</Unit>
		<Unit filename="../../../../../../../prj/dvbc/jasmine_demo/ota/ui/ui_desktop.h" />
		<Unit filename="../../../../../../../prj/dvbc/jasmine_demo/ota/ui/ui_gui_defines.c">
			<Option compilerVar="CC" />
		</Unit>
		<Unit filename="../../../../../../../prj/dvbc/jasmine_demo/ota/ui/ui_gui_defines.h" />
		<Unit filename="../../../../../../../prj/dvbc/jasmine_demo/ota/ui/ui_init.c">
			<Option compilerVar="CC" />
		</Unit>
		<Unit filename="../../../../../../../prj/dvbc/jasmine_demo/ota/ui/ui_menu_manager.c">
			<Option compilerVar="CC" />
		</Unit>
		<Unit filename="../../../../../../../prj/dvbc/jasmine_demo/ota/ui/ui_menu_manager.h" />
		<Unit filename="../../../../../../../prj/dvbc/jasmine_demo/ota/ui/ui_ota_api.h" />
		<Unit filename="../../../../../../../prj/dvbc/jasmine_demo/ota/ui/ui_ota_api_v2.c">
			<Option compilerVar="CC" />
		</Unit>
		<Unit filename="../../../../../../../prj/dvbc/jasmine_demo/ota/ui/ui_ota_upgrade.c">
			<Option compilerVar="CC" />
		</Unit>
		<Unit filename="../../../../../../../prj/dvbc/jasmine_demo/ota/ui/ui_ota_upgrade.h" />
		<Unit filename="../../../../../../../prj/dvbc/jasmine_demo/ota/ui/ui_ota_user_input.c">
			<Option compilerVar="CC" />
		</Unit>
		<Unit filename="../../../../../../../prj/dvbc/jasmine_demo/ota/ui/ui_ota_user_input.h" />
		<Unit filename="../../../../../../../prj/dvbc/jasmine_demo/sysstatus/sys_status.h" />
		<Extensions>
			<code_completion />
			<envvars />
			<debugger />
			<lib_finder disable_auto="1" />
		</Extensions>
	</Project>
</CodeBlocks_project_file>
